
Microsoft Visual Studio Solution File, Format Version 12.00
# Visual Studio Version 17
VisualStudioVersion = 17.4.33205.214
MinimumVisualStudioVersion = 10.0.40219.1
Project("{FAE04EC0-301F-11D3-BF4B-00C04F79EFBC}") = "FileOperations", "FileOperations\FileOperations.csproj", "{58FFA65D-36FC-4085-801A-5820A6D9F051}"
EndProject
Global
	GlobalSection(SolutionConfigurationPlatforms) = preSolution
		Debug|Any CPU = Debug|Any CPU
		Release|Any CPU = Release|Any CPU
	EndGlobalSection
	GlobalSection(ProjectConfigurationPlatforms) = postSolution
		{58FFA65D-36FC-4085-801A-5820A6D9F051}.Debug|Any CPU.ActiveCfg = Debug|Any CPU
		{58FFA65D-36FC-4085-801A-5820A6D9F051}.Debug|Any CPU.Build.0 = Debug|Any CPU
		{58FFA65D-36FC-4085-801A-5820A6D9F051}.Release|Any CPU.ActiveCfg = Release|Any CPU
		{58FFA65D-36FC-4085-801A-5820A6D9F051}.Release|Any CPU.Build.0 = Release|Any CPU
	EndGlobalSection
	GlobalSection(SolutionProperties) = preSolution
		HideSolutionNode = FALSE
	EndGlobalSection
	GlobalSection(ExtensibilityGlobals) = postSolution
		SolutionGuid = {F982CAE6-D0F9-4175-9C25-06B33E08B709}
	EndGlobalSection
EndGlobal
